
Microsoft Visual Studio Solution File, Format Version 12.00
# Visual Studio 2012
Project("{FAE04EC0-301F-11D3-BF4B-00C04F79EFBC}") = "CodeChallenge3", "CodeChallenge3\CodeChallenge3.csproj", "{270D69B0-DE08-40FD-BF77-F636A2C6E1C2}"
EndProject
Global
	GlobalSection(SolutionConfigurationPlatforms) = preSolution
		Debug|Any CPU = Debug|Any CPU
		Release|Any CPU = Release|Any CPU
	EndGlobalSection
	GlobalSection(ProjectConfigurationPlatforms) = postSolution
		{270D69B0-DE08-40FD-BF77-F636A2C6E1C2}.Debug|Any CPU.ActiveCfg = Debug|Any CPU
		{270D69B0-DE08-40FD-BF77-F636A2C6E1C2}.Debug|Any CPU.Build.0 = Debug|Any CPU
		{270D69B0-DE08-40FD-BF77-F636A2C6E1C2}.Release|Any CPU.ActiveCfg = Release|Any CPU
		{270D69B0-DE08-40FD-BF77-F636A2C6E1C2}.Release|Any CPU.Build.0 = Release|Any CPU
	EndGlobalSection
	GlobalSection(SolutionProperties) = preSolution
		HideSolutionNode = FALSE
	EndGlobalSection
EndGlobal
